{
  "name": "retext-english",
  "requires": true,
  "lockfileVersion": 1,
  "dependencies": {
    "array-iterate": {
      "version": "1.1.2",
      "resolved": "https://registry.npmjs.org/array-iterate/-/array-iterate-1.1.2.tgz",
      "integrity": "sha512-1hWSHTIlG/8wtYD+PPX5AOBtKWngpDFjrsrHgZpe+JdgNGz0udYu6ZIkAa/xuenIUEqFv7DvE2Yr60jxweJSrQ=="
    },
    "clone": {
      "version": "1.0.4",
      "resolved": "https://registry.npmjs.org/clone/-/clone-1.0.4.tgz",
      "integrity": "sha1-2jCcwmPfFZlMaIypAheco8fNfH4="
    },
    "gk-test-a": {
      "version": "7.1.6",
      "resolved": "https://registry.npmjs.org/gk-test-a/-/gk-test-a-7.1.6.tgz",
      "integrity": "sha512-WR9djD+igq3QIBSE8cpYXy86wJmwZwjIAm2k084AHdJ7DP1qwdyr61VfjGqMUDliRqhFi2AUXLR7+UuotbOytg=="
    },
    "gk-test-c": {
      "version": "7.1.6",
      "resolved": "https://registry.npmjs.org/gk-test-c/-/gk-test-c-7.1.6.tgz",
      "integrity": "sha512-JUZLCIbuk2U3dCJ1PsY5LHKy/fJTaa7+XS4v2O2/DpUORs2ss3/jbq3arz8fBtsaiobc1sJJ+4Mv9xvuMg7M6Q==",
      "dev": true
    },
    "inherits": {
      "version": "2.0.3",
      "resolved": "https://registry.npmjs.org/inherits/-/inherits-2.0.3.tgz",
      "integrity": "sha1-Yzwsg+PaQqUC9SRmAiSA9CCCYd4="
    },
    "nlcst-to-string": {
      "version": "2.0.2",
      "resolved": "https://registry.npmjs.org/nlcst-to-string/-/nlcst-to-string-2.0.2.tgz",
      "integrity": "sha512-DV7wVvMcAsmZ5qEwvX1JUNF4lKkAAKbChwNlIH7NLsPR7LWWoeIt53YlZ5CQH5KDXEXQ9Xa3mw0PbPewymrtew=="
    },
    "parse-english": {
      "version": "4.0.0",
      "resolved": "https://registry.npmjs.org/parse-english/-/parse-english-4.0.0.tgz",
      "integrity": "sha1-nCAbBkpQ5Y9gTnpMHj7Ijrp8s3o=",
      "requires": {
        "nlcst-to-string": "^2.0.0",
        "parse-latin": "^4.0.0",
        "unist-util-modify-children": "^1.0.0",
        "unist-util-visit-children": "^1.0.0"
      }
    },
    "parse-latin": {
      "version": "4.1.1",
      "resolved": "https://registry.npmjs.org/parse-latin/-/parse-latin-4.1.1.tgz",
      "integrity": "sha512-9fPVvDdw6G8LxL3o/PL6IzSGNGpF+3HEjCzFe0dN83sZPstftyr+McP9dNi3+EnR7ICYOHbHKCZ0l7JD90K5xQ==",
      "requires": {
        "nlcst-to-string": "^2.0.0",
        "unist-util-modify-children": "^1.0.0",
        "unist-util-visit-children": "^1.0.0"
      }
    },
    "unherit": {
      "version": "1.0.4",
      "resolved": "https://registry.npmjs.org/unherit/-/unherit-1.0.4.tgz",
      "integrity": "sha1-ubz2SH3QTUeCZlgC27S08F1hhQM=",
      "requires": {
        "clone": "^1.0.1",
        "inherits": "^2.0.1"
      }
    },
    "unist-util-modify-children": {
      "version": "1.1.2",
      "resolved": "https://registry.npmjs.org/unist-util-modify-children/-/unist-util-modify-children-1.1.2.tgz",
      "integrity": "sha512-GRi04yhng1WqBf5RBzPkOtWAadcZS2gvuOgNn/cyJBYNxtTuyYqTKN0eg4rC1YJwGnzrqfRB3dSKm8cNCjNirg==",
      "requires": {
        "array-iterate": "^1.0.0"
      }
    },
    "unist-util-visit-children": {
      "version": "1.1.2",
      "resolved": "https://registry.npmjs.org/unist-util-visit-children/-/unist-util-visit-children-1.1.2.tgz",
      "integrity": "sha512-q4t6aprUcSQ2/+xlswuh2wUKwUUuMmDjSkfwkMjeVwCXc8NqX8g0FSmNf68CznCmbkrsOPDUR0wj14bCFXXqbA=="
    }
  }
}
